// !$*UTF8*$!
{
	archiveVersion = 1;
	classes = {
	};
	objectVersion = 55;
	objects = {

/* Begin PBXBuildFile section */
		1E4586EB13FEA63A94F16D8C /* Pods_Flix.framework in Frameworks */ = {isa = PBXBuildFile; fileRef = 684A0D2E1E752BECCE8D7005 /* Pods_Flix.framework */; };
		26BA0CA0128A6475BE1737EC /* Pods_Flix_FlixUITests.framework in Frameworks */ = {isa = PBXBuildFile; fileRef = 1A2BD4024B151715FADEA111 /* Pods_Flix_FlixUITests.framework */; };
		8643B3CE28C8377E00DA1EF0 /* AppDelegate.swift in Sources */ = {isa = PBXBuildFile; fileRef = 8643B3CD28C8377E00DA1EF0 /* AppDelegate.swift */; };
		8643B3D028C8377E00DA1EF0 /* SceneDelegate.swift in Sources */ = {isa = PBXBuildFile; fileRef = 8643B3CF28C8377E00DA1EF0 /* SceneDelegate.swift */; };
		8643B3D228C8377E00DA1EF0 /* MoviesViewController.swift in Sources */ = {isa = PBXBuildFile; fileRef = 8643B3D128C8377E00DA1EF0 /* MoviesViewController.swift */; };
		8643B3D528C8377E00DA1EF0 /* Main.storyboard in Resources */ = {isa = PBXBuildFile; fileRef = 8643B3D328C8377E00DA1EF0 /* Main.storyboard */; };
		8643B3D728C8378200DA1EF0 /* Assets.xcassets in Resources */ = {isa = PBXBuildFile; fileRef = 8643B3D628C8378200DA1EF0 /* Assets.xcassets */; };
		8643B3DA28C8378300DA1EF0 /* LaunchScreen.storyboard in Resources */ = {isa = PBXBuildFile; fileRef = 8643B3D828C8378300DA1EF0 /* LaunchScreen.storyboard */; };
		8643B3E528C8378300DA1EF0 /* FlixTests.swift in Sources */ = {isa = PBXBuildFile; fileRef = 8643B3E428C8378300DA1EF0 /* FlixTests.swift */; };
		8643B3EF28C8378300DA1EF0 /* FlixUITests.swift in Sources */ = {isa = PBXBuildFile; fileRef = 8643B3EE28C8378300DA1EF0 /* FlixUITests.swift */; };
		8643B3F128C8378300DA1EF0 /* FlixUITestsLaunchTests.swift in Sources */ = {isa = PBXBuildFile; fileRef = 8643B3F028C8378300DA1EF0 /* FlixUITestsLaunchTests.swift */; };
		86D77E5428CE517D000CA268 /* MovieCell.swift in Sources */ = {isa = PBXBuildFile; fileRef = 86D77E5328CE517D000CA268 /* MovieCell.swift */; };
		86D77E5728CE5662000CA268 /* AlamofireImage in Frameworks */ = {isa = PBXBuildFile; productRef = 86D77E5628CE5662000CA268 /* AlamofireImage */; };
		F7FA82F1DCBE81B0260DAC1A /* Pods_FlixTests.framework in Frameworks */ = {isa = PBXBuildFile; fileRef = BD889BD5B82EFE7C5FE0477F /* Pods_FlixTests.framework */; };
/* End PBXBuildFile section */

/* Begin PBXContainerItemProxy section */
		8643B3E128C8378300DA1EF0 /* PBXContainerItemProxy */ = {
			isa = PBXContainerItemProxy;
			containerPortal = 8643B3C228C8377E00DA1EF0 /* Project object */;
			proxyType = 1;
			remoteGlobalIDString = 8643B3C928C8377E00DA1EF0;
			remoteInfo = Flix;
		};
		8643B3EB28C8378300DA1EF0 /* PBXContainerItemProxy */ = {
			isa = PBXContainerItemProxy;
			containerPortal = 8643B3C228C8377E00DA1EF0 /* Project object */;
			proxyType = 1;
			remoteGlobalIDString = 8643B3C928C8377E00DA1EF0;
			remoteInfo = Flix;
		};
/* End PBXContainerItemProxy section */

/* Begin PBXFileReference section */
		1A2BD4024B151715FADEA111 /* Pods_Flix_FlixUITests.framework */ = {isa = PBXFileReference; explicitFileType = wrapper.framework; includeInIndex = 0; path = Pods_Flix_FlixUITests.framework; sourceTree = BUILT_PRODUCTS_DIR; };
		262004DA0849DEAAACFBBCA9 /* Pods-FlixTests.debug.xcconfig */ = {isa = PBXFileReference; includeInIndex = 1; lastKnownFileType = text.xcconfig; name = "Pods-FlixTests.debug.xcconfig"; path = "Target Support Files/Pods-FlixTests/Pods-FlixTests.debug.xcconfig"; sourceTree = "<group>"; };
		2DD1E3C638538B318C35E8C9 /* Pods-FlixTests.release.xcconfig */ = {isa = PBXFileReference; includeInIndex = 1; lastKnownFileType = text.xcconfig; name = "Pods-FlixTests.release.xcconfig"; path = "Target Support Files/Pods-FlixTests/Pods-FlixTests.release.xcconfig"; sourceTree = "<group>"; };
		5381D4177099DAD2BC068601 /* Pods-Flix-FlixUITests.release.xcconfig */ = {isa = PBXFileReference; includeInIndex = 1; lastKnownFileType = text.xcconfig; name = "Pods-Flix-FlixUITests.release.xcconfig"; path = "Target Support Files/Pods-Flix-FlixUITests/Pods-Flix-FlixUITests.release.xcconfig"; sourceTree = "<group>"; };
		684A0D2E1E752BECCE8D7005 /* Pods_Flix.framework */ = {isa = PBXFileReference; explicitFileType = wrapper.framework; includeInIndex = 0; path = Pods_Flix.framework; sourceTree = BUILT_PRODUCTS_DIR; };
		707A7D0756E6AFA81BB3FFCB /* Pods-Flix.debug.xcconfig */ = {isa = PBXFileReference; includeInIndex = 1; lastKnownFileType = text.xcconfig; name = "Pods-Flix.debug.xcconfig"; path = "Target Support Files/Pods-Flix/Pods-Flix.debug.xcconfig"; sourceTree = "<group>"; };
		8643B3CA28C8377E00DA1EF0 /* Flix.app */ = {isa = PBXFileReference; explicitFileType = wrapper.application; includeInIndex = 0; path = Flix.app; sourceTree = BUILT_PRODUCTS_DIR; };
		8643B3CD28C8377E00DA1EF0 /* AppDelegate.swift */ = {isa = PBXFileReference; lastKnownFileType = sourcecode.swift; path = AppDelegate.swift; sourceTree = "<group>"; };
		8643B3CF28C8377E00DA1EF0 /* SceneDelegate.swift */ = {isa = PBXFileReference; lastKnownFileType = sourcecode.swift; path = SceneDelegate.swift; sourceTree = "<group>"; };
		8643B3D128C8377E00DA1EF0 /* MoviesViewController.swift */ = {isa = PBXFileReference; lastKnownFileType = sourcecode.swift; path = MoviesViewController.swift; sourceTree = "<group>"; };
		8643B3D428C8377E00DA1EF0 /* Base */ = {isa = PBXFileReference; lastKnownFileType = file.storyboard; name = Base; path = Base.lproj/Main.storyboard; sourceTree = "<group>"; };
		8643B3D628C8378200DA1EF0 /* Assets.xcassets */ = {isa = PBXFileReference; lastKnownFileType = folder.assetcatalog; path = Assets.xcassets; sourceTree = "<group>"; };
		8643B3D928C8378300DA1EF0 /* Base */ = {isa = PBXFileReference; lastKnownFileType = file.storyboard; name = Base; path = Base.lproj/LaunchScreen.storyboard; sourceTree = "<group>"; };
		8643B3DB28C8378300DA1EF0 /* Info.plist */ = {isa = PBXFileReference; lastKnownFileType = text.plist.xml; path = Info.plist; sourceTree = "<group>"; };
		8643B3E028C8378300DA1EF0 /* FlixTests.xctest */ = {isa = PBXFileReference; explicitFileType = wrapper.cfbundle; includeInIndex = 0; path = FlixTests.xctest; sourceTree = BUILT_PRODUCTS_DIR; };
		8643B3E428C8378300DA1EF0 /* FlixTests.swift */ = {isa = PBXFileReference; lastKnownFileType = sourcecode.swift; path = FlixTests.swift; sourceTree = "<group>"; };
		8643B3EA28C8378300DA1EF0 /* FlixUITests.xctest */ = {isa = PBXFileReference; explicitFileType = wrapper.cfbundle; includeInIndex = 0; path = FlixUITests.xctest; sourceTree = BUILT_PRODUCTS_DIR; };
		8643B3EE28C8378300DA1EF0 /* FlixUITests.swift */ = {isa = PBXFileReference; lastKnownFileType = sourcecode.swift; path = FlixUITests.swift; sourceTree = "<group>"; };
		8643B3F028C8378300DA1EF0 /* FlixUITestsLaunchTests.swift */ = {isa = PBXFileReference; lastKnownFileType = sourcecode.swift; path = FlixUITestsLaunchTests.swift; sourceTree = "<group>"; };
		86D77E5328CE517D000CA268 /* MovieCell.swift */ = {isa = PBXFileReference; lastKnownFileType = sourcecode.swift; path = MovieCell.swift; sourceTree = "<group>"; };
		9EB2C9312AA7594A440B64A1 /* Pods-Flix-FlixUITests.debug.xcconfig */ = {isa = PBXFileReference; includeInIndex = 1; lastKnownFileType = text.xcconfig; name = "Pods-Flix-FlixUITests.debug.xcconfig"; path = "Target Support Files/Pods-Flix-FlixUITests/Pods-Flix-FlixUITests.debug.xcconfig"; sourceTree = "<group>"; };
		B54BFF3145C61B7A5588D237 /* Pods-Flix.release.xcconfig */ = {isa = PBXFileReference; includeInIndex = 1; lastKnownFileType = text.xcconfig; name = "Pods-Flix.release.xcconfig"; path = "Target Support Files/Pods-Flix/Pods-Flix.release.xcconfig"; sourceTree = "<group>"; };
		BD889BD5B82EFE7C5FE0477F /* Pods_FlixTests.framework */ = {isa = PBXFileReference; explicitFileType = wrapper.framework; includeInIndex = 0; path = Pods_FlixTests.framework; sourceTree = BUILT_PRODUCTS_DIR; };
/* End PBXFileReference section */

/* Begin PBXFrameworksBuildPhase section */
		8643B3C728C8377E00DA1EF0 /* Frameworks */ = {
			isa = PBXFrameworksBuildPhase;
			buildActionMask = 2147483647;
			files = (
				86D77E5728CE5662000CA268 /* AlamofireImage in Frameworks */,
				1E4586EB13FEA63A94F16D8C /* Pods_Flix.framework in Frameworks */,
			);
			runOnlyForDeploymentPostprocessing = 0;
		};
		8643B3DD28C8378300DA1EF0 /* Frameworks */ = {
			isa = PBXFrameworksBuildPhase;
			buildActionMask = 2147483647;
			files = (
				F7FA82F1DCBE81B0260DAC1A /* Pods_FlixTests.framework in Frameworks */,
			);
			runOnlyForDeploymentPostprocessing = 0;
		};
		8643B3E728C8378300DA1EF0 /* Frameworks */ = {
			isa = PBXFrameworksBuildPhase;
			buildActionMask = 2147483647;
			files = (
				26BA0CA0128A6475BE1737EC /* Pods_Flix_FlixUITests.framework in Frameworks */,
			);
			runOnlyForDeploymentPostprocessing = 0;
		};
/* End PBXFrameworksBuildPhase section */

/* Begin PBXGroup section */
		6795B79890D91EAAB9B40042 /* Frameworks */ = {
			isa = PBXGroup;
			children = (
				684A0D2E1E752BECCE8D7005 /* Pods_Flix.framework */,
				1A2BD4024B151715FADEA111 /* Pods_Flix_FlixUITests.framework */,
				BD889BD5B82EFE7C5FE0477F /* Pods_FlixTests.framework */,
			);
			name = Frameworks;
			sourceTree = "<group>";
		};
		8643B3C128C8377E00DA1EF0 = {
			isa = PBXGroup;
			children = (
				8643B3CC28C8377E00DA1EF0 /* Flix */,
				8643B3E328C8378300DA1EF0 /* FlixTests */,
				8643B3ED28C8378300DA1EF0 /* FlixUITests */,
				8643B3CB28C8377E00DA1EF0 /* Products */,
				ACAA67680D5A72F9A42C9989 /* Pods */,
				6795B79890D91EAAB9B40042 /* Frameworks */,
			);
			sourceTree = "<group>";
		};
		8643B3CB28C8377E00DA1EF0 /* Products */ = {
			isa = PBXGroup;
			children = (
				8643B3CA28C8377E00DA1EF0 /* Flix.app */,
				8643B3E028C8378300DA1EF0 /* FlixTests.xctest */,
				8643B3EA28C8378300DA1EF0 /* FlixUITests.xctest */,
			);
			name = Products;
			sourceTree = "<group>";
		};
		8643B3CC28C8377E00DA1EF0 /* Flix */ = {
			isa = PBXGroup;
			children = (
				8643B3CD28C8377E00DA1EF0 /* AppDelegate.swift */,
				8643B3CF28C8377E00DA1EF0 /* SceneDelegate.swift */,
				8643B3D128C8377E00DA1EF0 /* MoviesViewController.swift */,
				8643B3D328C8377E00DA1EF0 /* Main.storyboard */,
				86D77E5328CE517D000CA268 /* MovieCell.swift */,
				8643B3D628C8378200DA1EF0 /* Assets.xcassets */,
				8643B3D828C8378300DA1EF0 /* LaunchScreen.storyboard */,
				8643B3DB28C8378300DA1EF0 /* Info.plist */,
			);
			path = Flix;
			sourceTree = "<group>";
		};
		8643B3E328C8378300DA1EF0 /* FlixTests */ = {
			isa = PBXGroup;
			children = (
				8643B3E428C8378300DA1EF0 /* FlixTests.swift */,
			);
			path = FlixTests;
			sourceTree = "<group>";
		};
		8643B3ED28C8378300DA1EF0 /* FlixUITests */ = {
			isa = PBXGroup;
			children = (
				8643B3EE28C8378300DA1EF0 /* FlixUITests.swift */,
				8643B3F028C8378300DA1EF0 /* FlixUITestsLaunchTests.swift */,
			);
			path = FlixUITests;
			sourceTree = "<group>";
		};
		ACAA67680D5A72F9A42C9989 /* Pods */ = {
			isa = PBXGroup;
			children = (
				707A7D0756E6AFA81BB3FFCB /* Pods-Flix.debug.xcconfig */,
				B54BFF3145C61B7A5588D237 /* Pods-Flix.release.xcconfig */,
				9EB2C9312AA7594A440B64A1 /* Pods-Flix-FlixUITests.debug.xcconfig */,
				5381D4177099DAD2BC068601 /* Pods-Flix-FlixUITests.release.xcconfig */,
				262004DA0849DEAAACFBBCA9 /* Pods-FlixTests.debug.xcconfig */,
				2DD1E3C638538B318C35E8C9 /* Pods-FlixTests.release.xcconfig */,
			);
			name = Pods;
			path = Pods;
			sourceTree = "<group>";
		};
/* End PBXGroup section */

/* Begin PBXNativeTarget section */
		8643B3C928C8377E00DA1EF0 /* Flix */ = {
			isa = PBXNativeTarget;
			buildConfigurationList = 8643B3F428C8378300DA1EF0 /* Build configuration list for PBXNativeTarget "Flix" */;
			buildPhases = (
				48E657C82554FF11A13B4C4E /* [CP] Check Pods Manifest.lock */,
				8643B3C628C8377E00DA1EF0 /* Sources */,
				8643B3C728C8377E00DA1EF0 /* Frameworks */,
				8643B3C828C8377E00DA1EF0 /* Resources */,
				5B68B736D175995A40C4EF91 /* [CP] Embed Pods Frameworks */,
			);
			buildRules = (
			);
			dependencies = (
			);
			name = Flix;
			packageProductDependencies = (
				86D77E5628CE5662000CA268 /* AlamofireImage */,
			);
			productName = Flix;
			productReference = 8643B3CA28C8377E00DA1EF0 /* Flix.app */;
			productType = "com.apple.product-type.application";
		};
		8643B3DF28C8378300DA1EF0 /* FlixTests */ = {
			isa = PBXNativeTarget;
			buildConfigurationList = 8643B3F728C8378300DA1EF0 /* Build configuration list for PBXNativeTarget "FlixTests" */;
			buildPhases = (
				50681FC99C59A4774061AD60 /* [CP] Check Pods Manifest.lock */,
				8643B3DC28C8378300DA1EF0 /* Sources */,
				8643B3DD28C8378300DA1EF0 /* Frameworks */,
				8643B3DE28C8378300DA1EF0 /* Resources */,
			);
			buildRules = (
			);
			dependencies = (
				8643B3E228C8378300DA1EF0 /* PBXTargetDependency */,
			);
			name = FlixTests;
			productName = FlixTests;
			productReference = 8643B3E028C8378300DA1EF0 /* FlixTests.xctest */;
			productType = "com.apple.product-type.bundle.unit-test";
		};
		8643B3E928C8378300DA1EF0 /* FlixUITests */ = {
			isa = PBXNativeTarget;
			buildConfigurationList = 8643B3FA28C8378300DA1EF0 /* Build configuration list for PBXNativeTarget "FlixUITests" */;
			buildPhases = (
				B790CA551E210E152600E654 /* [CP] Check Pods Manifest.lock */,
				8643B3E628C8378300DA1EF0 /* Sources */,
				8643B3E728C8378300DA1EF0 /* Frameworks */,
				8643B3E828C8378300DA1EF0 /* Resources */,
				B3546269795CFE03D998536E /* [CP] Embed Pods Frameworks */,
			);
			buildRules = (
			);
			dependencies = (
				8643B3EC28C8378300DA1EF0 /* PBXTargetDependency */,
			);
			name = FlixUITests;
			productName = FlixUITests;
			productReference = 8643B3EA28C8378300DA1EF0 /* FlixUITests.xctest */;
			productType = "com.apple.product-type.bundle.ui-testing";
		};
/* End PBXNativeTarget section */

/* Begin PBXProject section */
		8643B3C228C8377E00DA1EF0 /* Project object */ = {
			isa = PBXProject;
			attributes = {
				BuildIndependentTargetsInParallel = 1;
				LastSwiftUpdateCheck = 1340;
				LastUpgradeCheck = 1340;
				TargetAttributes = {
					8643B3C928C8377E00DA1EF0 = {
						CreatedOnToolsVersion = 13.4.1;
					};
					8643B3DF28C8378300DA1EF0 = {
						CreatedOnToolsVersion = 13.4.1;
						TestTargetID = 8643B3C928C8377E00DA1EF0;
					};
					8643B3E928C8378300DA1EF0 = {
						CreatedOnToolsVersion = 13.4.1;
						TestTargetID = 8643B3C928C8377E00DA1EF0;
					};
				};
			};
			buildConfigurationList = 8643B3C528C8377E00DA1EF0 /* Build configuration list for PBXProject "Flix" */;
			compatibilityVersion = "Xcode 13.0";
			developmentRegion = en;
			hasScannedForEncodings = 0;
			knownRegions = (
				en,
				Base,
			);
			mainGroup = 8643B3C128C8377E00DA1EF0;
			packageReferences = (
				86D77E5528CE5662000CA268 /* XCRemoteSwiftPackageReference "AlamofireImage" */,
			);
			productRefGroup = 8643B3CB28C8377E00DA1EF0 /* Products */;
			projectDirPath = "";
			projectRoot = "";
			targets = (
				8643B3C928C8377E00DA1EF0 /* Flix */,
				8643B3DF28C8378300DA1EF0 /* FlixTests */,
				8643B3E928C8378300DA1EF0 /* FlixUITests */,
			);
		};
/* End PBXProject section */

/* Begin PBXResourcesBuildPhase section */
		8643B3C828C8377E00DA1EF0 /* Resources */ = {
			isa = PBXResourcesBuildPhase;
			buildActionMask = 2147483647;
			files = (
				8643B3DA28C8378300DA1EF0 /* LaunchScreen.storyboard in Resources */,
				8643B3D728C8378200DA1EF0 /* Assets.xcassets in Resources */,
				8643B3D528C8377E00DA1EF0 /* Main.storyboard in Resources */,
			);
			runOnlyForDeploymentPostprocessing = 0;
		};
		8643B3DE28C8378300DA1EF0 /* Resources */ = {
			isa = PBXResourcesBuildPhase;
			buildActionMask = 2147483647;
			files = (
			);
			runOnlyForDeploymentPostprocessing = 0;
		};
		8643B3E828C8378300DA1EF0 /* Resources */ = {
			isa = PBXResourcesBuildPhase;
			buildActionMask = 2147483647;
			files = (
			);
			runOnlyForDeploymentPostprocessing = 0;
		};
/* End PBXResourcesBuildPhase section */

/* Begin PBXShellScriptBuildPhase section */
		48E657C82554FF11A13B4C4E /* [CP] Check Pods Manifest.lock */ = {
			isa = PBXShellScriptBuildPhase;
			buildActionMask = 2147483647;
			files = (
			);
			inputFileListPaths = (
			);
			inputPaths = (
				"${PODS_PODFILE_DIR_PATH}/Podfile.lock",
				"${PODS_ROOT}/Manifest.lock",
			);
			name = "[CP] Check Pods Manifest.lock";
			outputFileListPaths = (
			);
			outputPaths = (
				"$(DERIVED_FILE_DIR)/Pods-Flix-checkManifestLockResult.txt",
			);
			runOnlyForDeploymentPostprocessing = 0;
			shellPath = /bin/sh;
			shellScript = "diff \"${PODS_PODFILE_DIR_PATH}/Podfile.lock\" \"${PODS_ROOT}/Manifest.lock\" > /dev/null\nif [ $? != 0 ] ; then\n    # print error to STDERR\n    echo \"error: The sandbox is not in sync with the Podfile.lock. Run 'pod install' or update your CocoaPods installation.\" >&2\n    exit 1\nfi\n# This output is used by Xcode 'outputs' to avoid re-running this script phase.\necho \"SUCCESS\" > \"${SCRIPT_OUTPUT_FILE_0}\"\n";
			showEnvVarsInLog = 0;
		};
		50681FC99C59A4774061AD60 /* [CP] Check Pods Manifest.lock */ = {
			isa = PBXShellScriptBuildPhase;
			buildActionMask = 2147483647;
			files = (
			);
			inputFileListPaths = (
			);
			inputPaths = (
				"${PODS_PODFILE_DIR_PATH}/Podfile.lock",
				"${PODS_ROOT}/Manifest.lock",
			);
			name = "[CP] Check Pods Manifest.lock";
			outputFileListPaths = (
			);
			outputPaths = (
				"$(DERIVED_FILE_DIR)/Pods-FlixTests-checkManifestLockResult.txt",
			);
			runOnlyForDeploymentPostprocessing = 0;
			shellPath = /bin/sh;
			shellScript = "diff \"${PODS_PODFILE_DIR_PATH}/Podfile.lock\" \"${PODS_ROOT}/Manifest.lock\" > /dev/null\nif [ $? != 0 ] ; then\n    # print error to STDERR\n    echo \"error: The sandbox is not in sync with the Podfile.lock. Run 'pod install' or update your CocoaPods installation.\" >&2\n    exit 1\nfi\n# This output is used by Xcode 'outputs' to avoid re-running this script phase.\necho \"SUCCESS\" > \"${SCRIPT_OUTPUT_FILE_0}\"\n";
			showEnvVarsInLog = 0;
		};
		5B68B736D175995A40C4EF91 /* [CP] Embed Pods Frameworks */ = {
			isa = PBXShellScriptBuildPhase;
			buildActionMask = 2147483647;
			files = (
			);
			inputFileListPaths = (
				"${PODS_ROOT}/Target Support Files/Pods-Flix/Pods-Flix-frameworks-${CONFIGURATION}-input-files.xcfilelist",
			);
			name = "[CP] Embed Pods Frameworks";
			outputFileListPaths = (
				"${PODS_ROOT}/Target Support Files/Pods-Flix/Pods-Flix-frameworks-${CONFIGURATION}-output-files.xcfilelist",
			);
			runOnlyForDeploymentPostprocessing = 0;
			shellPath = /bin/sh;
			shellScript = "\"${PODS_ROOT}/Target Support Files/Pods-Flix/Pods-Flix-frameworks.sh\"\n";
			showEnvVarsInLog = 0;
		};
		B3546269795CFE03D998536E /* [CP] Embed Pods Frameworks */ = {
			isa = PBXShellScriptBuildPhase;
			buildActionMask = 2147483647;
			files = (
			);
			inputFileListPaths = (
				"${PODS_ROOT}/Target Support Files/Pods-Flix-FlixUITests/Pods-Flix-FlixUITests-frameworks-${CONFIGURATION}-input-files.xcfilelist",
			);
			name = "[CP] Embed Pods Frameworks";
			outputFileListPaths = (
				"${PODS_ROOT}/Target Support Files/Pods-Flix-FlixUITests/Pods-Flix-FlixUITests-frameworks-${CONFIGURATION}-output-files.xcfilelist",
			);
			runOnlyForDeploymentPostprocessing = 0;
			shellPath = /bin/sh;
			shellScript = "\"${PODS_ROOT}/Target Support Files/Pods-Flix-FlixUITests/Pods-Flix-FlixUITests-frameworks.sh\"\n";
			showEnvVarsInLog = 0;
		};
		B790CA551E210E152600E654 /* [CP] Check Pods Manifest.lock */ = {
			isa = PBXShellScriptBuildPhase;
			buildActionMask = 2147483647;
			files = (
			);
			inputFileListPaths = (
			);
			inputPaths = (
				"${PODS_PODFILE_DIR_PATH}/Podfile.lock",
				"${PODS_ROOT}/Manifest.lock",
			);
			name = "[CP] Check Pods Manifest.lock";
			outputFileListPaths = (
			);
			outputPaths = (
				"$(DERIVED_FILE_DIR)/Pods-Flix-FlixUITests-checkManifestLockResult.txt",
			);
			runOnlyForDeploymentPostprocessing = 0;
			shellPath = /bin/sh;
			shellScript = "diff \"${PODS_PODFILE_DIR_PATH}/Podfile.lock\" \"${PODS_ROOT}/Manifest.lock\" > /dev/null\nif [ $? != 0 ] ; then\n    # print error to STDERR\n    echo \"error: The sandbox is not in sync with the Podfile.lock. Run 'pod install' or update your CocoaPods installation.\" >&2\n    exit 1\nfi\n# This output is used by Xcode 'outputs' to avoid re-running this script phase.\necho \"SUCCESS\" > \"${SCRIPT_OUTPUT_FILE_0}\"\n";
			showEnvVarsInLog = 0;
		};
/* End PBXShellScriptBuildPhase section */

/* Begin PBXSourcesBuildPhase section */
		8643B3C628C8377E00DA1EF0 /* Sources */ = {
			isa = PBXSourcesBuildPhase;
			buildActionMask = 2147483647;
			files = (
				8643B3D228C8377E00DA1EF0 /* MoviesViewController.swift in Sources */,
				8643B3CE28C8377E00DA1EF0 /* AppDelegate.swift in Sources */,
				86D77E5428CE517D000CA268 /* MovieCell.swift in Sources */,
				8643B3D028C8377E00DA1EF0 /* SceneDelegate.swift in Sources */,
			);
			runOnlyForDeploymentPostprocessing = 0;
		};
		8643B3DC28C8378300DA1EF0 /* Sources */ = {
			isa = PBXSourcesBuildPhase;
			buildActionMask = 2147483647;
			files = (
				8643B3E528C8378300DA1EF0 /* FlixTests.swift in Sources */,
			);
			runOnlyForDeploymentPostprocessing = 0;
		};
		8643B3E628C8378300DA1EF0 /* Sources */ = {
			isa = PBXSourcesBuildPhase;
			buildActionMask = 2147483647;
			files = (
				8643B3EF28C8378300DA1EF0 /* FlixUITests.swift in Sources */,
				8643B3F128C8378300DA1EF0 /* FlixUITestsLaunchTests.swift in Sources */,
			);
			runOnlyForDeploymentPostprocessing = 0;
		};
/* End PBXSourcesBuildPhase section */

/* Begin PBXTargetDependency section */
		8643B3E228C8378300DA1EF0 /* PBXTargetDependency */ = {
			isa = PBXTargetDependency;
			target = 8643B3C928C8377E00DA1EF0 /* Flix */;
			targetProxy = 8643B3E128C8378300DA1EF0 /* PBXContainerItemProxy */;
		};
		8643B3EC28C8378300DA1EF0 /* PBXTargetDependency */ = {
			isa = PBXTargetDependency;
			target = 8643B3C928C8377E00DA1EF0 /* Flix */;
			targetProxy = 8643B3EB28C8378300DA1EF0 /* PBXContainerItemProxy */;
		};
/* End PBXTargetDependency section */

/* Begin PBXVariantGroup section */
		8643B3D328C8377E00DA1EF0 /* Main.storyboard */ = {
			isa = PBXVariantGroup;
			children = (
				8643B3D428C8377E00DA1EF0 /* Base */,
			);
			name = Main.storyboard;
			sourceTree = "<group>";
		};
		8643B3D828C8378300DA1EF0 /* LaunchScreen.storyboard */ = {
			isa = PBXVariantGroup;
			children = (
				8643B3D928C8378300DA1EF0 /* Base */,
			);
			name = LaunchScreen.storyboard;
			sourceTree = "<group>";
		};
/* End PBXVariantGroup section */

/* Begin XCBuildConfiguration section */
		8643B3F228C8378300DA1EF0 /* Debug */ = {
			isa = XCBuildConfiguration;
			buildSettings = {
				ALWAYS_SEARCH_USER_PATHS = NO;
				CLANG_ANALYZER_NONNULL = YES;
				CLANG_ANALYZER_NUMBER_OBJECT_CONVERSION = YES_AGGRESSIVE;
				CLANG_CXX_LANGUAGE_STANDARD = "gnu++17";
				CLANG_ENABLE_MODULES = YES;
				CLANG_ENABLE_OBJC_ARC = YES;
				CLANG_ENABLE_OBJC_WEAK = YES;
				CLANG_WARN_BLOCK_CAPTURE_AUTORELEASING = YES;
				CLANG_WARN_BOOL_CONVERSION = YES;
				CLANG_WARN_COMMA = YES;
				CLANG_WARN_CONSTANT_CONVERSION = YES;
				CLANG_WARN_DEPRECATED_OBJC_IMPLEMENTATIONS = YES;
				CLANG_WARN_DIRECT_OBJC_ISA_USAGE = YES_ERROR;
				CLANG_WARN_DOCUMENTATION_COMMENTS = YES;
				CLANG_WARN_EMPTY_BODY = YES;
				CLANG_WARN_ENUM_CONVERSION = YES;
				CLANG_WARN_INFINITE_RECURSION = YES;
				CLANG_WARN_INT_CONVERSION = YES;
				CLANG_WARN_NON_LITERAL_NULL_CONVERSION = YES;
				CLANG_WARN_OBJC_IMPLICIT_RETAIN_SELF = YES;
				CLANG_WARN_OBJC_LITERAL_CONVERSION = YES;
				CLANG_WARN_OBJC_ROOT_CLASS = YES_ERROR;
				CLANG_WARN_QUOTED_INCLUDE_IN_FRAMEWORK_HEADER = YES;
				CLANG_WARN_RANGE_LOOP_ANALYSIS = YES;
				CLANG_WARN_STRICT_PROTOTYPES = YES;
				CLANG_WARN_SUSPICIOUS_MOVE = YES;
				CLANG_WARN_UNGUARDED_AVAILABILITY = YES_AGGRESSIVE;
				CLANG_WARN_UNREACHABLE_CODE = YES;
				CLANG_WARN__DUPLICATE_METHOD_MATCH = YES;
				COPY_PHASE_STRIP = NO;
				DEBUG_INFORMATION_FORMAT = dwarf;
				ENABLE_STRICT_OBJC_MSGSEND = YES;
				ENABLE_TESTABILITY = YES;
				GCC_C_LANGUAGE_STANDARD = gnu11;
				GCC_DYNAMIC_NO_PIC = NO;
				GCC_NO_COMMON_BLOCKS = YES;
				GCC_OPTIMIZATION_LEVEL = 0;
				GCC_PREPROCESSOR_DEFINITIONS = (
					"DEBUG=1",
					"$(inherited)",
				);
				GCC_WARN_64_TO_32_BIT_CONVERSION = YES;
				GCC_WARN_ABOUT_RETURN_TYPE = YES_ERROR;
				GCC_WARN_UNDECLARED_SELECTOR = YES;
				GCC_WARN_UNINITIALIZED_AUTOS = YES_AGGRESSIVE;
				GCC_WARN_UNUSED_FUNCTION = YES;
				GCC_WARN_UNUSED_VARIABLE = YES;
				IPHONEOS_DEPLOYMENT_TARGET = 15.5;
				MTL_ENABLE_DEBUG_INFO = INCLUDE_SOURCE;
				MTL_FAST_MATH = YES;
				ONLY_ACTIVE_ARCH = YES;
				SDKROOT = iphoneos;
				SWIFT_ACTIVE_COMPILATION_CONDITIONS = DEBUG;
				SWIFT_OPTIMIZATION_LEVEL = "-Onone";
			};
			name = Debug;
		};
		8643B3F328C8378300DA1EF0 /* Release */ = {
			isa = XCBuildConfiguration;
			buildSettings = {
				ALWAYS_SEARCH_USER_PATHS = NO;
				CLANG_ANALYZER_NONNULL = YES;
				CLANG_ANALYZER_NUMBER_OBJECT_CONVERSION = YES_AGGRESSIVE;
				CLANG_CXX_LANGUAGE_STANDARD = "gnu++17";
				CLANG_ENABLE_MODULES = YES;
				CLANG_ENABLE_OBJC_ARC = YES;
				CLANG_ENABLE_OBJC_WEAK = YES;
				CLANG_WARN_BLOCK_CAPTURE_AUTORELEASING = YES;
				CLANG_WARN_BOOL_CONVERSION = YES;
				CLANG_WARN_COMMA = YES;
				CLANG_WARN_CONSTANT_CONVERSION = YES;
				CLANG_WARN_DEPRECATED_OBJC_IMPLEMENTATIONS = YES;
				CLANG_WARN_DIRECT_OBJC_ISA_USAGE = YES_ERROR;
				CLANG_WARN_DOCUMENTATION_COMMENTS = YES;
				CLANG_WARN_EMPTY_BODY = YES;
				CLANG_WARN_ENUM_CONVERSION = YES;
				CLANG_WARN_INFINITE_RECURSION = YES;
				CLANG_WARN_INT_CONVERSION = YES;
				CLANG_WARN_NON_LITERAL_NULL_CONVERSION = YES;
				CLANG_WARN_OBJC_IMPLICIT_RETAIN_SELF = YES;
				CLANG_WARN_OBJC_LITERAL_CONVERSION = YES;
				CLANG_WARN_OBJC_ROOT_CLASS = YES_ERROR;
				CLANG_WARN_QUOTED_INCLUDE_IN_FRAMEWORK_HEADER = YES;
				CLANG_WARN_RANGE_LOOP_ANALYSIS = YES;
				CLANG_WARN_STRICT_PROTOTYPES = YES;
				CLANG_WARN_SUSPICIOUS_MOVE = YES;
				CLANG_WARN_UNGUARDED_AVAILABILITY = YES_AGGRESSIVE;
				CLANG_WARN_UNREACHABLE_CODE = YES;
				CLANG_WARN__DUPLICATE_METHOD_MATCH = YES;
				COPY_PHASE_STRIP = NO;
				DEBUG_INFORMATION_FORMAT = "dwarf-with-dsym";
				ENABLE_NS_ASSERTIONS = NO;
				ENABLE_STRICT_OBJC_MSGSEND = YES;
				GCC_C_LANGUAGE_STANDARD = gnu11;
				GCC_NO_COMMON_BLOCKS = YES;
				GCC_WARN_64_TO_32_BIT_CONVERSION = YES;
				GCC_WARN_ABOUT_RETURN_TYPE = YES_ERROR;
				GCC_WARN_UNDECLARED_SELECTOR = YES;
				GCC_WARN_UNINITIALIZED_AUTOS = YES_AGGRESSIVE;
				GCC_WARN_UNUSED_FUNCTION = YES;
				GCC_WARN_UNUSED_VARIABLE = YES;
				IPHONEOS_DEPLOYMENT_TARGET = 15.5;
				MTL_ENABLE_DEBUG_INFO = NO;
				MTL_FAST_MATH = YES;
				SDKROOT = iphoneos;
				SWIFT_COMPILATION_MODE = wholemodule;
				SWIFT_OPTIMIZATION_LEVEL = "-O";
				VALIDATE_PRODUCT = YES;
			};
			name = Release;
		};
		8643B3F528C8378300DA1EF0 /* Debug */ = {
			isa = XCBuildConfiguration;
			baseConfigurationReference = 707A7D0756E6AFA81BB3FFCB /* Pods-Flix.debug.xcconfig */;
			buildSettings = {
				ASSETCATALOG_COMPILER_APPICON_NAME = AppIcon;
				ASSETCATALOG_COMPILER_GLOBAL_ACCENT_COLOR_NAME = AccentColor;
				CODE_SIGN_STYLE = Automatic;
				CURRENT_PROJECT_VERSION = 1;
				DEVELOPMENT_TEAM = P26UGDMAQV;
				GENERATE_INFOPLIST_FILE = YES;
				INFOPLIST_FILE = Flix/Info.plist;
				INFOPLIST_KEY_UIApplicationSupportsIndirectInputEvents = YES;
				INFOPLIST_KEY_UILaunchStoryboardName = LaunchScreen;
				INFOPLIST_KEY_UIMainStoryboardFile = Main;
				INFOPLIST_KEY_UISupportedInterfaceOrientations_iPad = "UIInterfaceOrientationPortrait UIInterfaceOrientationPortraitUpsideDown UIInterfaceOrientationLandscapeLeft UIInterfaceOrientationLandscapeRight";
				INFOPLIST_KEY_UISupportedInterfaceOrientations_iPhone = "UIInterfaceOrientationPortrait UIInterfaceOrientationLandscapeLeft UIInterfaceOrientationLandscapeRight";
				LD_RUNPATH_SEARCH_PATHS = (
					"$(inherited)",
					"@executable_path/Frameworks",
				);
				MARKETING_VERSION = 1.0;
				PRODUCT_BUNDLE_IDENTIFIER = com.dnnlau.Flix;
				PRODUCT_NAME = "$(TARGET_NAME)";
				SWIFT_EMIT_LOC_STRINGS = YES;
				SWIFT_VERSION = 5.0;
				TARGETED_DEVICE_FAMILY = "1,2";
			};
			name = Debug;
		};
		8643B3F628C8378300DA1EF0 /* Release */ = {
			isa = XCBuildConfiguration;
			baseConfigurationReference = B54BFF3145C61B7A5588D237 /* Pods-Flix.release.xcconfig */;
			buildSettings = {
				ASSETCATALOG_COMPILER_APPICON_NAME = AppIcon;
				ASSETCATALOG_COMPILER_GLOBAL_ACCENT_COLOR_NAME = AccentColor;
				CODE_SIGN_STYLE = Automatic;
				CURRENT_PROJECT_VERSION = 1;
				DEVELOPMENT_TEAM = P26UGDMAQV;
				GENERATE_INFOPLIST_FILE = YES;
				INFOPLIST_FILE = Flix/Info.plist;
				INFOPLIST_KEY_UIApplicationSupportsIndirectInputEvents = YES;
				INFOPLIST_KEY_UILaunchStoryboardName = LaunchScreen;
				INFOPLIST_KEY_UIMainStoryboardFile = Main;
				INFOPLIST_KEY_UISupportedInterfaceOrientations_iPad = "UIInterfaceOrientationPortrait UIInterfaceOrientationPortraitUpsideDown UIInterfaceOrientationLandscapeLeft UIInterfaceOrientationLandscapeRight";
				INFOPLIST_KEY_UISupportedInterfaceOrientations_iPhone = "UIInterfaceOrientationPortrait UIInterfaceOrientationLandscapeLeft UIInterfaceOrientationLandscapeRight";
				LD_RUNPATH_SEARCH_PATHS = (
					"$(inherited)",
					"@executable_path/Frameworks",
				);
				MARKETING_VERSION = 1.0;
				PRODUCT_BUNDLE_IDENTIFIER = com.dnnlau.Flix;
				PRODUCT_NAME = "$(TARGET_NAME)";
				SWIFT_EMIT_LOC_STRINGS = YES;
				SWIFT_VERSION = 5.0;
				TARGETED_DEVICE_FAMILY = "1,2";
			};
			name = Release;
		};
		8643B3F828C8378300DA1EF0 /* Debug */ = {
			isa = XCBuildConfiguration;
			baseConfigurationReference = 262004DA0849DEAAACFBBCA9 /* Pods-FlixTests.debug.xcconfig */;
			buildSettings = {
				ALWAYS_EMBED_SWIFT_STANDARD_LIBRARIES = YES;
				BUNDLE_LOADER = "$(TEST_HOST)";
				CODE_SIGN_STYLE = Automatic;
				CURRENT_PROJECT_VERSION = 1;
				DEVELOPMENT_TEAM = P26UGDMAQV;
				GENERATE_INFOPLIST_FILE = YES;
				IPHONEOS_DEPLOYMENT_TARGET = 15.5;
				MARKETING_VERSION = 1.0;
				PRODUCT_BUNDLE_IDENTIFIER = com.dnnlau.FlixTests;
				PRODUCT_NAME = "$(TARGET_NAME)";
				SWIFT_EMIT_LOC_STRINGS = NO;
				SWIFT_VERSION = 5.0;
				TARGETED_DEVICE_FAMILY = "1,2";
				TEST_HOST = "$(BUILT_PRODUCTS_DIR)/Flix.app/Flix";
			};
			name = Debug;
		};
		8643B3F928C8378300DA1EF0 /* Release */ = {
			isa = XCBuildConfiguration;
			baseConfigurationReference = 2DD1E3C638538B318C35E8C9 /* Pods-FlixTests.release.xcconfig */;
			buildSettings = {
				ALWAYS_EMBED_SWIFT_STANDARD_LIBRARIES = YES;
				BUNDLE_LOADER = "$(TEST_HOST)";
				CODE_SIGN_STYLE = Automatic;
				CURRENT_PROJECT_VERSION = 1;
				DEVELOPMENT_TEAM = P26UGDMAQV;
				GENERATE_INFOPLIST_FILE = YES;
				IPHONEOS_DEPLOYMENT_TARGET = 15.5;
				MARKETING_VERSION = 1.0;
				PRODUCT_BUNDLE_IDENTIFIER = com.dnnlau.FlixTests;
				PRODUCT_NAME = "$(TARGET_NAME)";
				SWIFT_EMIT_LOC_STRINGS = NO;
				SWIFT_VERSION = 5.0;
				TARGETED_DEVICE_FAMILY = "1,2";
				TEST_HOST = "$(BUILT_PRODUCTS_DIR)/Flix.app/Flix";
			};
			name = Release;
		};
		8643B3FB28C8378300DA1EF0 /* Debug */ = {
			isa = XCBuildConfiguration;
			baseConfigurationReference = 9EB2C9312AA7594A440B64A1 /* Pods-Flix-FlixUITests.debug.xcconfig */;
			buildSettings = {
				ALWAYS_EMBED_SWIFT_STANDARD_LIBRARIES = YES;
				CODE_SIGN_STYLE = Automatic;
				CURRENT_PROJECT_VERSION = 1;
				DEVELOPMENT_TEAM = P26UGDMAQV;
				GENERATE_INFOPLIST_FILE = YES;
				MARKETING_VERSION = 1.0;
				PRODUCT_BUNDLE_IDENTIFIER = com.dnnlau.FlixUITests;
				PRODUCT_NAME = "$(TARGET_NAME)";
				SWIFT_EMIT_LOC_STRINGS = NO;
				SWIFT_VERSION = 5.0;
				TARGETED_DEVICE_FAMILY = "1,2";
				TEST_TARGET_NAME = Flix;
			};
			name = Debug;
		};
		8643B3FC28C8378300DA1EF0 /* Release */ = {
			isa = XCBuildConfiguration;
			baseConfigurationReference = 5381D4177099DAD2BC068601 /* Pods-Flix-FlixUITests.release.xcconfig */;
			buildSettings = {
				ALWAYS_EMBED_SWIFT_STANDARD_LIBRARIES = YES;
				CODE_SIGN_STYLE = Automatic;
				CURRENT_PROJECT_VERSION = 1;
				DEVELOPMENT_TEAM = P26UGDMAQV;
				GENERATE_INFOPLIST_FILE = YES;
				MARKETING_VERSION = 1.0;
				PRODUCT_BUNDLE_IDENTIFIER = com.dnnlau.FlixUITests;
				PRODUCT_NAME = "$(TARGET_NAME)";
				SWIFT_EMIT_LOC_STRINGS = NO;
				SWIFT_VERSION = 5.0;
				TARGETED_DEVICE_FAMILY = "1,2";
				TEST_TARGET_NAME = Flix;
			};
			name = Release;
		};
/* End XCBuildConfiguration section */

/* Begin XCConfigurationList section */
		8643B3C528C8377E00DA1EF0 /* Build configuration list for PBXProject "Flix" */ = {
			isa = XCConfigurationList;
			buildConfigurations = (
				8643B3F228C8378300DA1EF0 /* Debug */,
				8643B3F328C8378300DA1EF0 /* Release */,
			);
			defaultConfigurationIsVisible = 0;
			defaultConfigurationName = Release;
		};
		8643B3F428C8378300DA1EF0 /* Build configuration list for PBXNativeTarget "Flix" */ = {
			isa = XCConfigurationList;
			buildConfigurations = (
				8643B3F528C8378300DA1EF0 /* Debug */,
				8643B3F628C8378300DA1EF0 /* Release */,
			);
			defaultConfigurationIsVisible = 0;
			defaultConfigurationName = Release;
		};
		8643B3F728C8378300DA1EF0 /* Build configuration list for PBXNativeTarget "FlixTests" */ = {
			isa = XCConfigurationList;
			buildConfigurations = (
				8643B3F828C8378300DA1EF0 /* Debug */,
				8643B3F928C8378300DA1EF0 /* Release */,
			);
			defaultConfigurationIsVisible = 0;
			defaultConfigurationName = Release;
		};
		8643B3FA28C8378300DA1EF0 /* Build configuration list for PBXNativeTarget "FlixUITests" */ = {
			isa = XCConfigurationList;
			buildConfigurations = (
				8643B3FB28C8378300DA1EF0 /* Debug */,
				8643B3FC28C8378300DA1EF0 /* Release */,
			);
			defaultConfigurationIsVisible = 0;
			defaultConfigurationName = Release;
		};
/* End XCConfigurationList section */

/* Begin XCRemoteSwiftPackageReference section */
		86D77E5528CE5662000CA268 /* XCRemoteSwiftPackageReference "AlamofireImage" */ = {
			isa = XCRemoteSwiftPackageReference;
			repositoryURL = "https://github.com/Alamofire/AlamofireImage";
			requirement = {
				kind = upToNextMajorVersion;
				minimumVersion = 4.0.0;
			};
		};
/* End XCRemoteSwiftPackageReference section */

/* Begin XCSwiftPackageProductDependency section */
		86D77E5628CE5662000CA268 /* AlamofireImage */ = {
			isa = XCSwiftPackageProductDependency;
			package = 86D77E5528CE5662000CA268 /* XCRemoteSwiftPackageReference "AlamofireImage" */;
			productName = AlamofireImage;
		};
/* End XCSwiftPackageProductDependency section */
	};
	rootObject = 8643B3C228C8377E00DA1EF0 /* Project object */;
}
